Mirror in progress since Wed, 24 Oct 2018 04:05:12 .. please wait!
webhttrack -q -%i -Y http://http://tldp.org/ -O "/home/debian/Documents/learning.praveengorla/The_Linux_Documentation_Project" -n -%P -N0 -s2 -p7 -D -a -K0 -c4 -%k -A25000 -F "Mozilla/4.5 (compatible; HTTrack 3.0x; Windows 98)" -%F "<!-- Mirrored from %s%s by HTTrack Website Copier/3.x [XR&CO'2014], %s -->" +*.png +*.gif +*.jpg +*.jpeg +*.css +*.js -ad.doubleclick.net/* -%s -%u 
To pause the engine: create an empty file named 'hts-stop.lock'
PID=21851
UID=1000
GID=1000
START=1540328712
